<?xml version="1.0" encoding="utf-8"?>
<Project ToolsVersion="16.0" xmlns="http://schemas.microsoft.com/developer/msbuild/2003">
  <ItemGroup>
    <CustomBuild Include="D:\GitHub\bariver996\libzmq\builds\cmake\CMakeFiles\5a17bf077fad1580fb5d0e4f2e3d22e0\RUN_TESTS_force.rule">
      <Filter>CMake Rules</Filter>
    </CustomBuild>
  </ItemGroup>
  <ItemGroup>
    <Filter Include="CMake Rules">
      <UniqueIdentifier>{B12AA578-E182-3BEA-B7D5-C5EF33EEE5B0}</UniqueIdentifier>
    </Filter>
  </ItemGroup>
</Project>
